
Microsoft Visual Studio Solution File, Format Version 12.00
# Visual Studio Version 17
VisualStudioVersion = 17.3.32929.385
MinimumVisualStudioVersion = 10.0.40219.1
Project("{FAE04EC0-301F-11D3-BF4B-00C04F79EFBC}") = "csharp-cibi-preferiti", "csharp-cibi-preferiti.csproj", "{F3C3A96A-627D-4CB4-BDD5-C13DCC5AF290}"
EndProject
Global
	GlobalSection(SolutionConfigurationPlatforms) = preSolution
		Debug|Any CPU = Debug|Any CPU
		Release|Any CPU = Release|Any CPU
	EndGlobalSection
	GlobalSection(ProjectConfigurationPlatforms) = postSolution
		{F3C3A96A-627D-4CB4-BDD5-C13DCC5AF290}.Debug|Any CPU.ActiveCfg = Debug|Any CPU
		{F3C3A96A-627D-4CB4-BDD5-C13DCC5AF290}.Debug|Any CPU.Build.0 = Debug|Any CPU
		{F3C3A96A-627D-4CB4-BDD5-C13DCC5AF290}.Release|Any CPU.ActiveCfg = Release|Any CPU
		{F3C3A96A-627D-4CB4-BDD5-C13DCC5AF290}.Release|Any CPU.Build.0 = Release|Any CPU
	EndGlobalSection
	GlobalSection(SolutionProperties) = preSolution
		HideSolutionNode = FALSE
	EndGlobalSection
	GlobalSection(ExtensibilityGlobals) = postSolution
		SolutionGuid = {0D248E50-5121-4425-ABD8-3A8B0952FEE5}
	EndGlobalSection
EndGlobal
